
Microsoft Visual Studio Solution File, Format Version 12.00
Project("{FAE04EC0-301F-11D3-BF4B-00C04F79EFBC}") = "Server", "Server\Server.csproj", "{DA8CE62E-B630-4ACA-B6C3-7D9C914E4D7E}"
EndProject
Project("{FAE04EC0-301F-11D3-BF4B-00C04F79EFBC}") = "Client", "Client\Client.csproj", "{224A768D-0185-4263-ABBD-9AC3E242A769}"
EndProject
Project("{FAE04EC0-301F-11D3-BF4B-00C04F79EFBC}") = "Connection", "Connection\Connection.csproj", "{0645525D-5C39-4428-B23E-23C6FFC691E5}"
EndProject
Global
	GlobalSection(SolutionConfigurationPlatforms) = preSolution
		Debug|Any CPU = Debug|Any CPU
		Release|Any CPU = Release|Any CPU
	EndGlobalSection
	GlobalSection(ProjectConfigurationPlatforms) = postSolution
		{DA8CE62E-B630-4ACA-B6C3-7D9C914E4D7E}.Debug|Any CPU.ActiveCfg = Debug|Any CPU
		{DA8CE62E-B630-4ACA-B6C3-7D9C914E4D7E}.Debug|Any CPU.Build.0 = Debug|Any CPU
		{DA8CE62E-B630-4ACA-B6C3-7D9C914E4D7E}.Release|Any CPU.ActiveCfg = Release|Any CPU
		{DA8CE62E-B630-4ACA-B6C3-7D9C914E4D7E}.Release|Any CPU.Build.0 = Release|Any CPU
		{224A768D-0185-4263-ABBD-9AC3E242A769}.Debug|Any CPU.ActiveCfg = Debug|Any CPU
		{224A768D-0185-4263-ABBD-9AC3E242A769}.Debug|Any CPU.Build.0 = Debug|Any CPU
		{224A768D-0185-4263-ABBD-9AC3E242A769}.Release|Any CPU.ActiveCfg = Release|Any CPU
		{224A768D-0185-4263-ABBD-9AC3E242A769}.Release|Any CPU.Build.0 = Release|Any CPU
		{0645525D-5C39-4428-B23E-23C6FFC691E5}.Debug|Any CPU.ActiveCfg = Debug|Any CPU
		{0645525D-5C39-4428-B23E-23C6FFC691E5}.Debug|Any CPU.Build.0 = Debug|Any CPU
		{0645525D-5C39-4428-B23E-23C6FFC691E5}.Release|Any CPU.ActiveCfg = Release|Any CPU
		{0645525D-5C39-4428-B23E-23C6FFC691E5}.Release|Any CPU.Build.0 = Release|Any CPU
	EndGlobalSection
EndGlobal
